
Microsoft Visual Studio Solution File, Format Version 12.00
# Visual Studio Version 17
VisualStudioVersion = 17.4.33213.308
MinimumVisualStudioVersion = 10.0.40219.1
Project("{FAE04EC0-301F-11D3-BF4B-00C04F79EFBC}") = "CryptoInfo", "CryptoInfo\CryptoInfo.csproj", "{A74851A2-9EE8-4DC0-9A4F-E5B53AF56F3E}"
EndProject
Global
	GlobalSection(SolutionConfigurationPlatforms) = preSolution
		Debug|Any CPU = Debug|Any CPU
		Release|Any CPU = Release|Any CPU
	EndGlobalSection
	GlobalSection(ProjectConfigurationPlatforms) = postSolution
		{A74851A2-9EE8-4DC0-9A4F-E5B53AF56F3E}.Debug|Any CPU.ActiveCfg = Debug|Any CPU
		{A74851A2-9EE8-4DC0-9A4F-E5B53AF56F3E}.Debug|Any CPU.Build.0 = Debug|Any CPU
		{A74851A2-9EE8-4DC0-9A4F-E5B53AF56F3E}.Release|Any CPU.ActiveCfg = Release|Any CPU
		{A74851A2-9EE8-4DC0-9A4F-E5B53AF56F3E}.Release|Any CPU.Build.0 = Release|Any CPU
	EndGlobalSection
	GlobalSection(SolutionProperties) = preSolution
		HideSolutionNode = FALSE
	EndGlobalSection
	GlobalSection(ExtensibilityGlobals) = postSolution
		SolutionGuid = {1C7786AC-C875-4E79-87A4-15AE9CF44944}
	EndGlobalSection
EndGlobal
